// !$*UTF8*$!
{
	archiveVersion = 1;
	classes = {
	};
	objectVersion = 46;
	objects = {

/* Begin PBXBuildFile section */
		6B53FF361E2AA093001DC5F1 /* AppDelegate.swift in Sources */ = {isa = PBXBuildFile; fileRef = 6B53FF351E2AA093001DC5F1 /* AppDelegate.swift */; };
		6B53FF381E2AA093001DC5F1 /* ViewController.swift in Sources */ = {isa = PBXBuildFile; fileRef = 6B53FF371E2AA093001DC5F1 /* ViewController.swift */; };
		6B53FF3B1E2AA093001DC5F1 /* Main.storyboard in Resources */ = {isa = PBXBuildFile; fileRef = 6B53FF391E2AA093001DC5F1 /* Main.storyboard */; };
		6B53FF3E1E2AA093001DC5F1 /* Tip_Calculator.xcdatamodeld in Sources */ = {isa = PBXBuildFile; fileRef = 6B53FF3C1E2AA093001DC5F1 /* Tip_Calculator.xcdatamodeld */; };
		6B53FF401E2AA093001DC5F1 /* Assets.xcassets in Resources */ = {isa = PBXBuildFile; fileRef = 6B53FF3F1E2AA093001DC5F1 /* Assets.xcassets */; };
		6B53FF431E2AA093001DC5F1 /* LaunchScreen.storyboard in Resources */ = {isa = PBXBuildFile; fileRef = 6B53FF411E2AA093001DC5F1 /* LaunchScreen.storyboard */; };
		6B53FF4E1E2AA093001DC5F1 /* Tip_CalculatorTests.swift in Sources */ = {isa = PBXBuildFile; fileRef = 6B53FF4D1E2AA093001DC5F1 /* Tip_CalculatorTests.swift */; };
		6B53FF591E2AA093001DC5F1 /* Tip_CalculatorUITests.swift in Sources */ = {isa = PBXBuildFile; fileRef = 6B53FF581E2AA093001DC5F1 /* Tip_CalculatorUITests.swift */; };
		6BBEA1DB1E344987007D88E5 /* StartViewController.swift in Sources */ = {isa = PBXBuildFile; fileRef = 6BBEA1DA1E344987007D88E5 /* StartViewController.swift */; };
		6BBEA1DD1E344998007D88E5 /* SalesTaxCalculatorViewController.swift in Sources */ = {isa = PBXBuildFile; fileRef = 6BBEA1DC1E344998007D88E5 /* SalesTaxCalculatorViewController.swift */; };
		6BBEA1DF1E34795C007D88E5 /* IncomeViewController.swift in Sources */ = {isa = PBXBuildFile; fileRef = 6BBEA1DE1E34795C007D88E5 /* IncomeViewController.swift */; };
/* End PBXBuildFile section */

/* Begin PBXContainerItemProxy section */
		6B53FF4A1E2AA093001DC5F1 /* PBXContainerItemProxy */ = {
			isa = PBXContainerItemProxy;
			containerPortal = 6B53FF2A1E2AA093001DC5F1 /* Project object */;
			proxyType = 1;
			remoteGlobalIDString = 6B53FF311E2AA093001DC5F1;
			remoteInfo = "Tip Calculator";
		};
		6B53FF551E2AA093001DC5F1 /* PBXContainerItemProxy */ = {
			isa = PBXContainerItemProxy;
			containerPortal = 6B53FF2A1E2AA093001DC5F1 /* Project object */;
			proxyType = 1;
			remoteGlobalIDString = 6B53FF311E2AA093001DC5F1;
			remoteInfo = "Tip Calculator";
		};
/* End PBXContainerItemProxy section */

/* Begin PBXFileReference section */
		6B53FF321E2AA093001DC5F1 /* Tip Calculator.app */ = {isa = PBXFileReference; explicitFileType = wrapper.application; includeInIndex = 0; path = "Tip Calculator.app"; sourceTree = BUILT_PRODUCTS_DIR; };
		6B53FF351E2AA093001DC5F1 /* AppDelegate.swift */ = {isa = PBXFileReference; lastKnownFileType = sourcecode.swift; path = AppDelegate.swift; sourceTree = "<group>"; };
		6B53FF371E2AA093001DC5F1 /* ViewController.swift */ = {isa = PBXFileReference; lastKnownFileType = sourcecode.swift; path = ViewController.swift; sourceTree = "<group>"; };
		6B53FF3A1E2AA093001DC5F1 /* Base */ = {isa = PBXFileReference; lastKnownFileType = file.storyboard; name = Base; path = Base.lproj/Main.storyboard; sourceTree = "<group>"; };
		6B53FF3D1E2AA093001DC5F1 /* Tip_Calculator.xcdatamodel */ = {isa = PBXFileReference; lastKnownFileType = wrapper.xcdatamodel; path = Tip_Calculator.xcdatamodel; sourceTree = "<group>"; };
		6B53FF3F1E2AA093001DC5F1 /* Assets.xcassets */ = {isa = PBXFileReference; lastKnownFileType = folder.assetcatalog; path = Assets.xcassets; sourceTree = "<group>"; };
		6B53FF421E2AA093001DC5F1 /* Base */ = {isa = PBXFileReference; lastKnownFileType = file.storyboard; name = Base; path = Base.lproj/LaunchScreen.storyboard; sourceTree = "<group>"; };
		6B53FF441E2AA093001DC5F1 /* Info.plist */ = {isa = PBXFileReference; lastKnownFileType = text.plist.xml; path = Info.plist; sourceTree = "<group>"; };
		6B53FF491E2AA093001DC5F1 /* Tip CalculatorTests.xctest */ = {isa = PBXFileReference; explicitFileType = wrapper.cfbundle; includeInIndex = 0; path = "Tip CalculatorTests.xctest"; sourceTree = BUILT_PRODUCTS_DIR; };
		6B53FF4D1E2AA093001DC5F1 /* Tip_CalculatorTests.swift */ = {isa = PBXFileReference; lastKnownFileType = sourcecode.swift; path = Tip_CalculatorTests.swift; sourceTree = "<group>"; };
		6B53FF4F1E2AA093001DC5F1 /* Info.plist */ = {isa = PBXFileReference; lastKnownFileType = text.plist.xml; path = Info.plist; sourceTree = "<group>"; };
		6B53FF541E2AA093001DC5F1 /* Tip CalculatorUITests.xctest */ = {isa = PBXFileReference; explicitFileType = wrapper.cfbundle; includeInIndex = 0; path = "Tip CalculatorUITests.xctest"; sourceTree = BUILT_PRODUCTS_DIR; };
		6B53FF581E2AA093001DC5F1 /* Tip_CalculatorUITests.swift */ = {isa = PBXFileReference; lastKnownFileType = sourcecode.swift; path = Tip_CalculatorUITests.swift; sourceTree = "<group>"; };
		6B53FF5A1E2AA093001DC5F1 /* Info.plist */ = {isa = PBXFileReference; lastKnownFileType = text.plist.xml; path = Info.plist; sourceTree = "<group>"; };
		6BBEA1DA1E344987007D88E5 /* StartViewController.swift */ = {isa = PBXFileReference; fileEncoding = 4; lastKnownFileType = sourcecode.swift; path = StartViewController.swift; sourceTree = "<group>"; };
		6BBEA1DC1E344998007D88E5 /* SalesTaxCalculatorViewController.swift */ = {isa = PBXFileReference; fileEncoding = 4; lastKnownFileType = sourcecode.swift; name = SalesTaxCalculatorViewController.swift; path = ../SalesTaxCalculatorViewController.swift; sourceTree = "<group>"; };
		6BBEA1DE1E34795C007D88E5 /* IncomeViewController.swift */ = {isa = PBXFileReference; fileEncoding = 4; lastKnownFileType = sourcecode.swift; path = IncomeViewController.swift; sourceTree = "<group>"; };
/* End PBXFileReference section */

/* Begin PBXFrameworksBuildPhase section */
		6B53FF2F1E2AA093001DC5F1 /* Frameworks */ = {
			isa = PBXFrameworksBuildPhase;
			buildActionMask = 2147483647;
			files = (
			);
			runOnlyForDeploymentPostprocessing = 0;
		};
		6B53FF461E2AA093001DC5F1 /* Frameworks */ = {
			isa = PBXFrameworksBuildPhase;
			buildActionMask = 2147483647;
			files = (
			);
			runOnlyForDeploymentPostprocessing = 0;
		};
		6B53FF511E2AA093001DC5F1 /* Frameworks */ = {
			isa = PBXFrameworksBuildPhase;
			buildActionMask = 2147483647;
			files = (
			);
			runOnlyForDeploymentPostprocessing = 0;
		};
/* End PBXFrameworksBuildPhase section */

/* Begin PBXGroup section */
		6B53FF291E2AA093001DC5F1 = {
			isa = PBXGroup;
			children = (
				6B53FF341E2AA093001DC5F1 /* Tip Calculator */,
				6B53FF4C1E2AA093001DC5F1 /* Tip CalculatorTests */,
				6B53FF571E2AA093001DC5F1 /* Tip CalculatorUITests */,
				6B53FF331E2AA093001DC5F1 /* Products */,
			);
			sourceTree = "<group>";
		};
		6B53FF331E2AA093001DC5F1 /* Products */ = {
			isa = PBXGroup;
			children = (
				6B53FF321E2AA093001DC5F1 /* Tip Calculator.app */,
				6B53FF491E2AA093001DC5F1 /* Tip CalculatorTests.xctest */,
				6B53FF541E2AA093001DC5F1 /* Tip CalculatorUITests.xctest */,
			);
			name = Products;
			sourceTree = "<group>";
		};
		6B53FF341E2AA093001DC5F1 /* Tip Calculator */ = {
			isa = PBXGroup;
			children = (
				6B53FF351E2AA093001DC5F1 /* AppDelegate.swift */,
				6BBEA1DA1E344987007D88E5 /* StartViewController.swift */,
				6B53FF371E2AA093001DC5F1 /* ViewController.swift */,
				6BBEA1DC1E344998007D88E5 /* SalesTaxCalculatorViewController.swift */,
				6B53FF391E2AA093001DC5F1 /* Main.storyboard */,
				6BBEA1DE1E34795C007D88E5 /* IncomeViewController.swift */,
				6B53FF3F1E2AA093001DC5F1 /* Assets.xcassets */,
				6B53FF411E2AA093001DC5F1 /* LaunchScreen.storyboard */,
				6B53FF441E2AA093001DC5F1 /* Info.plist */,
				6B53FF3C1E2AA093001DC5F1 /* Tip_Calculator.xcdatamodeld */,
			);
			path = "Tip Calculator";
			sourceTree = "<group>";
		};
		6B53FF4C1E2AA093001DC5F1 /* Tip CalculatorTests */ = {
			isa = PBXGroup;
			children = (
				6B53FF4D1E2AA093001DC5F1 /* Tip_CalculatorTests.swift */,
				6B53FF4F1E2AA093001DC5F1 /* Info.plist */,
			);
			path = "Tip CalculatorTests";
			sourceTree = "<group>";
		};
		6B53FF571E2AA093001DC5F1 /* Tip CalculatorUITests */ = {
			isa = PBXGroup;
			children = (
				6B53FF581E2AA093001DC5F1 /* Tip_CalculatorUITests.swift */,
				6B53FF5A1E2AA093001DC5F1 /* Info.plist */,
			);
			path = "Tip CalculatorUITests";
			sourceTree = "<group>";
		};
/* End PBXGroup section */

/* Begin PBXNativeTarget section */
		6B53FF311E2AA093001DC5F1 /* Tip Calculator */ = {
			isa = PBXNativeTarget;
			buildConfigurationList = 6B53FF5D1E2AA093001DC5F1 /* Build configuration list for PBXNativeTarget "Tip Calculator" */;
			buildPhases = (
				6B53FF2E1E2AA093001DC5F1 /* Sources */,
				6B53FF2F1E2AA093001DC5F1 /* Frameworks */,
				6B53FF301E2AA093001DC5F1 /* Resources */,
			);
			buildRules = (
			);
			dependencies = (
			);
			name = "Tip Calculator";
			productName = "Tip Calculator";
			productReference = 6B53FF321E2AA093001DC5F1 /* Tip Calculator.app */;
			productType = "com.apple.product-type.application";
		};
		6B53FF481E2AA093001DC5F1 /* Tip CalculatorTests */ = {
			isa = PBXNativeTarget;
			buildConfigurationList = 6B53FF601E2AA093001DC5F1 /* Build configuration list for PBXNativeTarget "Tip CalculatorTests" */;
			buildPhases = (
				6B53FF451E2AA093001DC5F1 /* Sources */,
				6B53FF461E2AA093001DC5F1 /* Frameworks */,
				6B53FF471E2AA093001DC5F1 /* Resources */,
			);
			buildRules = (
			);
			dependencies = (
				6B53FF4B1E2AA093001DC5F1 /* PBXTargetDependency */,
			);
			name = "Tip CalculatorTests";
			productName = "Tip CalculatorTests";
			productReference = 6B53FF491E2AA093001DC5F1 /* Tip CalculatorTests.xctest */;
			productType = "com.apple.product-type.bundle.unit-test";
		};
		6B53FF531E2AA093001DC5F1 /* Tip CalculatorUITests */ = {
			isa = PBXNativeTarget;
			buildConfigurationList = 6B53FF631E2AA093001DC5F1 /* Build configuration list for PBXNativeTarget "Tip CalculatorUITests" */;
			buildPhases = (
				6B53FF501E2AA093001DC5F1 /* Sources */,
				6B53FF511E2AA093001DC5F1 /* Frameworks */,
				6B53FF521E2AA093001DC5F1 /* Resources */,
			);
			buildRules = (
			);
			dependencies = (
				6B53FF561E2AA093001DC5F1 /* PBXTargetDependency */,
			);
			name = "Tip CalculatorUITests";
			productName = "Tip CalculatorUITests";
			productReference = 6B53FF541E2AA093001DC5F1 /* Tip CalculatorUITests.xctest */;
			productType = "com.apple.product-type.bundle.ui-testing";
		};
/* End PBXNativeTarget section */

/* Begin PBXProject section */
		6B53FF2A1E2AA093001DC5F1 /* Project object */ = {
			isa = PBXProject;
			attributes = {
				LastSwiftUpdateCheck = 0820;
				LastUpgradeCheck = 0820;
				ORGANIZATIONNAME = "Matthew Allen Lin Software";
				TargetAttributes = {
					6B53FF311E2AA093001DC5F1 = {
						CreatedOnToolsVersion = 8.2.1;
						DevelopmentTeam = 2MALMEWT6X;
						ProvisioningStyle = Automatic;
					};
					6B53FF481E2AA093001DC5F1 = {
						CreatedOnToolsVersion = 8.2.1;
						DevelopmentTeam = 2MALMEWT6X;
						ProvisioningStyle = Automatic;
						TestTargetID = 6B53FF311E2AA093001DC5F1;
					};
					6B53FF531E2AA093001DC5F1 = {
						CreatedOnToolsVersion = 8.2.1;
						DevelopmentTeam = 2MALMEWT6X;
						ProvisioningStyle = Automatic;
						TestTargetID = 6B53FF311E2AA093001DC5F1;
					};
				};
			};
			buildConfigurationList = 6B53FF2D1E2AA093001DC5F1 /* Build configuration list for PBXProject "Tip Calculator" */;
			compatibilityVersion = "Xcode 3.2";
			developmentRegion = English;
			hasScannedForEncodings = 0;
			knownRegions = (
				en,
				Base,
			);
			mainGroup = 6B53FF291E2AA093001DC5F1;
			productRefGroup = 6B53FF331E2AA093001DC5F1 /* Products */;
			projectDirPath = "";
			projectRoot = "";
			targets = (
				6B53FF311E2AA093001DC5F1 /* Tip Calculator */,
				6B53FF481E2AA093001DC5F1 /* Tip CalculatorTests */,
				6B53FF531E2AA093001DC5F1 /* Tip CalculatorUITests */,
			);
		};
/* End PBXProject section */

/* Begin PBXResourcesBuildPhase section */
		6B53FF301E2AA093001DC5F1 /* Resources */ = {
			isa = PBXResourcesBuildPhase;
			buildActionMask = 2147483647;
			files = (
				6B53FF431E2AA093001DC5F1 /* LaunchScreen.storyboard in Resources */,
				6B53FF401E2AA093001DC5F1 /* Assets.xcassets in Resources */,
				6B53FF3B1E2AA093001DC5F1 /* Main.storyboard in Resources */,
			);
			runOnlyForDeploymentPostprocessing = 0;
		};
		6B53FF471E2AA093001DC5F1 /* Resources */ = {
			isa = PBXResourcesBuildPhase;
			buildActionMask = 2147483647;
			files = (
			);
			runOnlyForDeploymentPostprocessing = 0;
		};
		6B53FF521E2AA093001DC5F1 /* Resources */ = {
			isa = PBXResourcesBuildPhase;
			buildActionMask = 2147483647;
			files = (
			);
			runOnlyForDeploymentPostprocessing = 0;
		};
/* End PBXResourcesBuildPhase section */

/* Begin PBXSourcesBuildPhase section */
		6B53FF2E1E2AA093001DC5F1 /* Sources */ = {
			isa = PBXSourcesBuildPhase;
			buildActionMask = 2147483647;
			files = (
				6B53FF381E2AA093001DC5F1 /* ViewController.swift in Sources */,
				6BBEA1DB1E344987007D88E5 /* StartViewController.swift in Sources */,
				6B53FF3E1E2AA093001DC5F1 /* Tip_Calculator.xcdatamodeld in Sources */,
				6BBEA1DF1E34795C007D88E5 /* IncomeViewController.swift in Sources */,
				6B53FF361E2AA093001DC5F1 /* AppDelegate.swift in Sources */,
				6BBEA1DD1E344998007D88E5 /* SalesTaxCalculatorViewController.swift in Sources */,
			);
			runOnlyForDeploymentPostprocessing = 0;
		};
		6B53FF451E2AA093001DC5F1 /* Sources */ = {
			isa = PBXSourcesBuildPhase;
			buildActionMask = 2147483647;
			files = (
				6B53FF4E1E2AA093001DC5F1 /* Tip_CalculatorTests.swift in Sources */,
			);
			runOnlyForDeploymentPostprocessing = 0;
		};
		6B53FF501E2AA093001DC5F1 /* Sources */ = {
			isa = PBXSourcesBuildPhase;
			buildActionMask = 2147483647;
			files = (
				6B53FF591E2AA093001DC5F1 /* Tip_CalculatorUITests.swift in Sources */,
			);
			runOnlyForDeploymentPostprocessing = 0;
		};
/* End PBXSourcesBuildPhase section */

/* Begin PBXTargetDependency section */
		6B53FF4B1E2AA093001DC5F1 /* PBXTargetDependency */ = {
			isa = PBXTargetDependency;
			target = 6B53FF311E2AA093001DC5F1 /* Tip Calculator */;
			targetProxy = 6B53FF4A1E2AA093001DC5F1 /* PBXContainerItemProxy */;
		};
		6B53FF561E2AA093001DC5F1 /* PBXTargetDependency */ = {
			isa = PBXTargetDependency;
			target = 6B53FF311E2AA093001DC5F1 /* Tip Calculator */;
			targetProxy = 6B53FF551E2AA093001DC5F1 /* PBXContainerItemProxy */;
		};
/* End PBXTargetDependency section */

/* Begin PBXVariantGroup section */
		6B53FF391E2AA093001DC5F1 /* Main.storyboard */ = {
			isa = PBXVariantGroup;
			children = (
				6B53FF3A1E2AA093001DC5F1 /* Base */,
			);
			name = Main.storyboard;
			sourceTree = "<group>";
		};
		6B53FF411E2AA093001DC5F1 /* LaunchScreen.storyboard */ = {
			isa = PBXVariantGroup;
			children = (
				6B53FF421E2AA093001DC5F1 /* Base */,
			);
			name = LaunchScreen.storyboard;
			sourceTree = "<group>";
		};
/* End PBXVariantGroup section */

/* Begin XCBuildConfiguration section */
		6B53FF5B1E2AA093001DC5F1 /* Debug */ = {
			isa = XCBuildConfiguration;
			buildSettings = {
				ALWAYS_SEARCH_USER_PATHS = NO;
				CLANG_ANALYZER_NONNULL = YES;
				CLANG_CXX_LANGUAGE_STANDARD = "gnu++0x";
				CLANG_CXX_LIBRARY = "libc++";
				CLANG_ENABLE_MODULES = YES;
				CLANG_ENABLE_OBJC_ARC = YES;
				CLANG_WARN_BOOL_CONVERSION = YES;
				CLANG_WARN_CONSTANT_CONVERSION = YES;
				CLANG_WARN_DIRECT_OBJC_ISA_USAGE = YES_ERROR;
				CLANG_WARN_DOCUMENTATION_COMMENTS = YES;
				CLANG_WARN_EMPTY_BODY = YES;
				CLANG_WARN_ENUM_CONVERSION = YES;
				CLANG_WARN_INFINITE_RECURSION = YES;
				CLANG_WARN_INT_CONVERSION = YES;
				CLANG_WARN_OBJC_ROOT_CLASS = YES_ERROR;
				CLANG_WARN_SUSPICIOUS_MOVE = YES;
				CLANG_WARN_UNREACHABLE_CODE = YES;
				CLANG_WARN__DUPLICATE_METHOD_MATCH = YES;
				"CODE_SIGN_IDENTITY[sdk=iphoneos*]" = "iPhone Developer";
				COPY_PHASE_STRIP = NO;
				DEBUG_INFORMATION_FORMAT = dwarf;
				ENABLE_STRICT_OBJC_MSGSEND = YES;
				ENABLE_TESTABILITY = YES;
				GCC_C_LANGUAGE_STANDARD = gnu99;
				GCC_DYNAMIC_NO_PIC = NO;
				GCC_NO_COMMON_BLOCKS = YES;
				GCC_OPTIMIZATION_LEVEL = 0;
				GCC_PREPROCESSOR_DEFINITIONS = (
					"DEBUG=1",
					"$(inherited)",
				);
				GCC_WARN_64_TO_32_BIT_CONVERSION = YES;
				GCC_WARN_ABOUT_RETURN_TYPE = YES_ERROR;
				GCC_WARN_UNDECLARED_SELECTOR = YES;
				GCC_WARN_UNINITIALIZED_AUTOS = YES_AGGRESSIVE;
				GCC_WARN_UNUSED_FUNCTION = YES;
				GCC_WARN_UNUSED_VARIABLE = YES;
				IPHONEOS_DEPLOYMENT_TARGET = 10.2;
				MTL_ENABLE_DEBUG_INFO = YES;
				ONLY_ACTIVE_ARCH = YES;
				SDKROOT = iphoneos;
				SWIFT_ACTIVE_COMPILATION_CONDITIONS = DEBUG;
				SWIFT_OPTIMIZATION_LEVEL = "-Onone";
				TARGETED_DEVICE_FAMILY = "1,2";
			};
			name = Debug;
		};
		6B53FF5C1E2AA093001DC5F1 /* Release */ = {
			isa = XCBuildConfiguration;
			buildSettings = {
				ALWAYS_SEARCH_USER_PATHS = NO;
				CLANG_ANALYZER_NONNULL = YES;
				CLANG_CXX_LANGUAGE_STANDARD = "gnu++0x";
				CLANG_CXX_LIBRARY = "libc++";
				CLANG_ENABLE_MODULES = YES;
				CLANG_ENABLE_OBJC_ARC = YES;
				CLANG_WARN_BOOL_CONVERSION = YES;
				CLANG_WARN_CONSTANT_CONVERSION = YES;
				CLANG_WARN_DIRECT_OBJC_ISA_USAGE = YES_ERROR;
				CLANG_WARN_DOCUMENTATION_COMMENTS = YES;
				CLANG_WARN_EMPTY_BODY = YES;
				CLANG_WARN_ENUM_CONVERSION = YES;
				CLANG_WARN_INFINITE_RECURSION = YES;
				CLANG_WARN_INT_CONVERSION = YES;
				CLANG_WARN_OBJC_ROOT_CLASS = YES_ERROR;
				CLANG_WARN_SUSPICIOUS_MOVE = YES;
				CLANG_WARN_UNREACHABLE_CODE = YES;
				CLANG_WARN__DUPLICATE_METHOD_MATCH = YES;
				"CODE_SIGN_IDENTITY[sdk=iphoneos*]" = "iPhone Developer";
				COPY_PHASE_STRIP = NO;
				DEBUG_INFORMATION_FORMAT = "dwarf-with-dsym";
				ENABLE_NS_ASSERTIONS = NO;
				ENABLE_STRICT_OBJC_MSGSEND = YES;
				GCC_C_LANGUAGE_STANDARD = gnu99;
				GCC_NO_COMMON_BLOCKS = YES;
				GCC_WARN_64_TO_32_BIT_CONVERSION = YES;
				GCC_WARN_ABOUT_RETURN_TYPE = YES_ERROR;
				GCC_WARN_UNDECLARED_SELECTOR = YES;
				GCC_WARN_UNINITIALIZED_AUTOS = YES_AGGRESSIVE;
				GCC_WARN_UNUSED_FUNCTION = YES;
				GCC_WARN_UNUSED_VARIABLE = YES;
				IPHONEOS_DEPLOYMENT_TARGET = 10.2;
				MTL_ENABLE_DEBUG_INFO = NO;
				SDKROOT = iphoneos;
				SWIFT_OPTIMIZATION_LEVEL = "-Owholemodule";
				TARGETED_DEVICE_FAMILY = "1,2";
				VALIDATE_PRODUCT = YES;
			};
			name = Release;
		};
		6B53FF5E1E2AA093001DC5F1 /* Debug */ = {
			isa = XCBuildConfiguration;
			buildSettings = {
				ASSETCATALOG_COMPILER_APPICON_NAME = AppIcon;
				DEVELOPMENT_TEAM = 2MALMEWT6X;
				INFOPLIST_FILE = "Tip Calculator/Info.plist";
				IPHONEOS_DEPLOYMENT_TARGET = 10.0;
				LD_RUNPATH_SEARCH_PATHS = "$(inherited) @executable_path/Frameworks";
				PRODUCT_BUNDLE_IDENTIFIER = "Matthew-Allen-Lin-Software.Bill-Util";
				PRODUCT_NAME = "$(TARGET_NAME)";
				SWIFT_VERSION = 3.0;
			};
			name = Debug;
		};
		6B53FF5F1E2AA093001DC5F1 /* Release */ = {
			isa = XCBuildConfiguration;
			buildSettings = {
				ASSETCATALOG_COMPILER_APPICON_NAME = AppIcon;
				DEVELOPMENT_TEAM = 2MALMEWT6X;
				INFOPLIST_FILE = "Tip Calculator/Info.plist";
				IPHONEOS_DEPLOYMENT_TARGET = 10.0;
				LD_RUNPATH_SEARCH_PATHS = "$(inherited) @executable_path/Frameworks";
				PRODUCT_BUNDLE_IDENTIFIER = "Matthew-Allen-Lin-Software.Bill-Util";
				PRODUCT_NAME = "$(TARGET_NAME)";
				SWIFT_VERSION = 3.0;
			};
			name = Release;
		};
		6B53FF611E2AA093001DC5F1 /* Debug */ = {
			isa = XCBuildConfiguration;
			buildSettings = {
				ALWAYS_EMBED_SWIFT_STANDARD_LIBRARIES = YES;
				BUNDLE_LOADER = "$(TEST_HOST)";
				DEVELOPMENT_TEAM = 2MALMEWT6X;
				INFOPLIST_FILE = "Tip CalculatorTests/Info.plist";
				LD_RUNPATH_SEARCH_PATHS = "$(inherited) @executable_path/Frameworks @loader_path/Frameworks";
				PRODUCT_BUNDLE_IDENTIFIER = "Matthew-Allen-Lin-Software.Tip-CalculatorTests";
				PRODUCT_NAME = "$(TARGET_NAME)";
				SWIFT_VERSION = 3.0;
				TEST_HOST = "$(BUILT_PRODUCTS_DIR)/Tip Calculator.app/Tip Calculator";
			};
			name = Debug;
		};
		6B53FF621E2AA093001DC5F1 /* Release */ = {
			isa = XCBuildConfiguration;
			buildSettings = {
				ALWAYS_EMBED_SWIFT_STANDARD_LIBRARIES = YES;
				BUNDLE_LOADER = "$(TEST_HOST)";
				DEVELOPMENT_TEAM = 2MALMEWT6X;
				INFOPLIST_FILE = "Tip CalculatorTests/Info.plist";
				LD_RUNPATH_SEARCH_PATHS = "$(inherited) @executable_path/Frameworks @loader_path/Frameworks";
				PRODUCT_BUNDLE_IDENTIFIER = "Matthew-Allen-Lin-Software.Tip-CalculatorTests";
				PRODUCT_NAME = "$(TARGET_NAME)";
				SWIFT_VERSION = 3.0;
				TEST_HOST = "$(BUILT_PRODUCTS_DIR)/Tip Calculator.app/Tip Calculator";
			};
			name = Release;
		};
		6B53FF641E2AA093001DC5F1 /* Debug */ = {
			isa = XCBuildConfiguration;
			buildSettings = {
				ALWAYS_EMBED_SWIFT_STANDARD_LIBRARIES = YES;
				DEVELOPMENT_TEAM = 2MALMEWT6X;
				INFOPLIST_FILE = "Tip CalculatorUITests/Info.plist";
				LD_RUNPATH_SEARCH_PATHS = "$(inherited) @executable_path/Frameworks @loader_path/Frameworks";
				PRODUCT_BUNDLE_IDENTIFIER = "Matthew-Allen-Lin-Software.Tip-CalculatorUITests";
				PRODUCT_NAME = "$(TARGET_NAME)";
				SWIFT_VERSION = 3.0;
				TEST_TARGET_NAME = "Tip Calculator";
			};
			name = Debug;
		};
		6B53FF651E2AA093001DC5F1 /* Release */ = {
			isa = XCBuildConfiguration;
			buildSettings = {
				ALWAYS_EMBED_SWIFT_STANDARD_LIBRARIES = YES;
				DEVELOPMENT_TEAM = 2MALMEWT6X;
				INFOPLIST_FILE = "Tip CalculatorUITests/Info.plist";
				LD_RUNPATH_SEARCH_PATHS = "$(inherited) @executable_path/Frameworks @loader_path/Frameworks";
				PRODUCT_BUNDLE_IDENTIFIER = "Matthew-Allen-Lin-Software.Tip-CalculatorUITests";
				PRODUCT_NAME = "$(TARGET_NAME)";
				SWIFT_VERSION = 3.0;
				TEST_TARGET_NAME = "Tip Calculator";
			};
			name = Release;
		};
/* End XCBuildConfiguration section */

/* Begin XCConfigurationList section */
		6B53FF2D1E2AA093001DC5F1 /* Build configuration list for PBXProject "Tip Calculator" */ = {
			isa = XCConfigurationList;
			buildConfigurations = (
				6B53FF5B1E2AA093001DC5F1 /* Debug */,
				6B53FF5C1E2AA093001DC5F1 /* Release */,
			);
			defaultConfigurationIsVisible = 0;
			defaultConfigurationName = Release;
		};
		6B53FF5D1E2AA093001DC5F1 /* Build configuration list for PBXNativeTarget "Tip Calculator" */ = {
			isa = XCConfigurationList;
			buildConfigurations = (
				6B53FF5E1E2AA093001DC5F1 /* Debug */,
				6B53FF5F1E2AA093001DC5F1 /* Release */,
			);
			defaultConfigurationIsVisible = 0;
			defaultConfigurationName = Release;
		};
		6B53FF601E2AA093001DC5F1 /* Build configuration list for PBXNativeTarget "Tip CalculatorTests" */ = {
			isa = XCConfigurationList;
			buildConfigurations = (
				6B53FF611E2AA093001DC5F1 /* Debug */,
				6B53FF621E2AA093001DC5F1 /* Release */,
			);
			defaultConfigurationIsVisible = 0;
			defaultConfigurationName = Release;
		};
		6B53FF631E2AA093001DC5F1 /* Build configuration list for PBXNativeTarget "Tip CalculatorUITests" */ = {
			isa = XCConfigurationList;
			buildConfigurations = (
				6B53FF641E2AA093001DC5F1 /* Debug */,
				6B53FF651E2AA093001DC5F1 /* Release */,
			);
			defaultConfigurationIsVisible = 0;
			defaultConfigurationName = Release;
		};
/* End XCConfigurationList section */

/* Begin XCVersionGroup section */
		6B53FF3C1E2AA093001DC5F1 /* Tip_Calculator.xcdatamodeld */ = {
			isa = XCVersionGroup;
			children = (
				6B53FF3D1E2AA093001DC5F1 /* Tip_Calculator.xcdatamodel */,
			);
			currentVersion = 6B53FF3D1E2AA093001DC5F1 /* Tip_Calculator.xcdatamodel */;
			path = Tip_Calculator.xcdatamodeld;
			sourceTree = "<group>";
			versionGroupType = wrapper.xcdatamodel;
		};
/* End XCVersionGroup section */
	};
	rootObject = 6B53FF2A1E2AA093001DC5F1 /* Project object */;
}
